
Microsoft Visual Studio Solution File, Format Version 12.00
# Visual Studio Version 17
VisualStudioVersion = 17.9.34723.18
MinimumVisualStudioVersion = 10.0.40219.1
Project("{FAE04EC0-301F-11D3-BF4B-00C04F79EFBC}") = "ExamenFinal", "ExamenFinal\ExamenFinal.csproj", "{01E631C8-8BB7-4B19-8CB5-A4036C86F53D}"
EndProject
Global
	GlobalSection(SolutionConfigurationPlatforms) = preSolution
		Debug|Any CPU = Debug|Any CPU
		Release|Any CPU = Release|Any CPU
	EndGlobalSection
	GlobalSection(ProjectConfigurationPlatforms) = postSolution
		{01E631C8-8BB7-4B19-8CB5-A4036C86F53D}.Debug|Any CPU.ActiveCfg = Debug|Any CPU
		{01E631C8-8BB7-4B19-8CB5-A4036C86F53D}.Debug|Any CPU.Build.0 = Debug|Any CPU
		{01E631C8-8BB7-4B19-8CB5-A4036C86F53D}.Release|Any CPU.ActiveCfg = Release|Any CPU
		{01E631C8-8BB7-4B19-8CB5-A4036C86F53D}.Release|Any CPU.Build.0 = Release|Any CPU
	EndGlobalSection
	GlobalSection(SolutionProperties) = preSolution
		HideSolutionNode = FALSE
	EndGlobalSection
	GlobalSection(ExtensibilityGlobals) = postSolution
		SolutionGuid = {FB8798B8-B64E-4F4C-886C-1544A58BCFDE}
	EndGlobalSection
EndGlobal
